{
  "originHash" : "6f5307d038dbeb646036fef97d80feb07170395b44a5f8ae78f26ce016684894",
  "pins" : [
    {
      "identity" : "lrucache",
      "kind" : "remoteSourceControl",
      "location" : "https://github.com/nicklockwood/LRUCache.git",
      "state" : {
        "revision" : "cb5b2bd0da83ad29c0bec762d39f41c8ad0eaf3e",
        "version" : "1.2.1"
      }
    },
    {
      "identity" : "swift-collections",
      "kind" : "remoteSourceControl",
      "location" : "https://github.com/apple/swift-collections.git",
      "state" : {
        "branch" : "main",
        "revision" : "63bfbed01a39126550b0f1ac87ac48027697831a"
      }
    }
  ],
  "version" : 3
}
